
Microsoft Visual Studio Solution File, Format Version 12.00
# Visual Studio Version 17
VisualStudioVersion = 17.5.33502.453
MinimumVisualStudioVersion = 10.0.40219.1
Project("{FAE04EC0-301F-11D3-BF4B-00C04F79EFBC}") = "BigSchool", "BigSchool\BigSchool.csproj", "{C8A32844-E091-406A-B6A5-6FBA733C25B4}"
EndProject
Global
	GlobalSection(SolutionConfigurationPlatforms) = preSolution
		Debug|Any CPU = Debug|Any CPU
		Release|Any CPU = Release|Any CPU
	EndGlobalSection
	GlobalSection(ProjectConfigurationPlatforms) = postSolution
		{C8A32844-E091-406A-B6A5-6FBA733C25B4}.Debug|Any CPU.ActiveCfg = Debug|Any CPU
		{C8A32844-E091-406A-B6A5-6FBA733C25B4}.Debug|Any CPU.Build.0 = Debug|Any CPU
		{C8A32844-E091-406A-B6A5-6FBA733C25B4}.Release|Any CPU.ActiveCfg = Release|Any CPU
		{C8A32844-E091-406A-B6A5-6FBA733C25B4}.Release|Any CPU.Build.0 = Release|Any CPU
	EndGlobalSection
	GlobalSection(SolutionProperties) = preSolution
		HideSolutionNode = FALSE
	EndGlobalSection
	GlobalSection(ExtensibilityGlobals) = postSolution
		SolutionGuid = {BE9D6225-CC84-49E8-9994-4BE83C98F55F}
	EndGlobalSection
EndGlobal
